
Microsoft Visual Studio Solution File, Format Version 12.00
# Visual Studio Version 17
VisualStudioVersion = 17.12.35527.113
MinimumVisualStudioVersion = 10.0.40219.1
Project("{FAE04EC0-301F-11D3-BF4B-00C04F79EFBC}") = "HotelManagementSystem", "HotelManagementSystem\HotelManagementSystem.csproj", "{27869F13-5EE3-4935-A480-C8BC7A4ACB4F}"
EndProject
Project("{FAE04EC0-301F-11D3-BF4B-00C04F79EFBC}") = "Dal", "Dal\Dal.csproj", "{AAA73907-0E43-441E-B089-4BA62C3842A3}"
EndProject
Project("{FAE04EC0-301F-11D3-BF4B-00C04F79EFBC}") = "BL", "BL\BL.csproj", "{ABDE32F2-4732-4A6D-AC71-68F4EFFBC5C3}"
EndProject
Global
	GlobalSection(SolutionConfigurationPlatforms) = preSolution
		Debug|Any CPU = Debug|Any CPU
		Release|Any CPU = Release|Any CPU
	EndGlobalSection
	GlobalSection(ProjectConfigurationPlatforms) = postSolution
		{27869F13-5EE3-4935-A480-C8BC7A4ACB4F}.Debug|Any CPU.ActiveCfg = Debug|Any CPU
		{27869F13-5EE3-4935-A480-C8BC7A4ACB4F}.Debug|Any CPU.Build.0 = Debug|Any CPU
		{27869F13-5EE3-4935-A480-C8BC7A4ACB4F}.Release|Any CPU.ActiveCfg = Release|Any CPU
		{27869F13-5EE3-4935-A480-C8BC7A4ACB4F}.Release|Any CPU.Build.0 = Release|Any CPU
		{AAA73907-0E43-441E-B089-4BA62C3842A3}.Debug|Any CPU.ActiveCfg = Debug|Any CPU
		{AAA73907-0E43-441E-B089-4BA62C3842A3}.Debug|Any CPU.Build.0 = Debug|Any CPU
		{AAA73907-0E43-441E-B089-4BA62C3842A3}.Release|Any CPU.ActiveCfg = Release|Any CPU
		{AAA73907-0E43-441E-B089-4BA62C3842A3}.Release|Any CPU.Build.0 = Release|Any CPU
		{ABDE32F2-4732-4A6D-AC71-68F4EFFBC5C3}.Debug|Any CPU.ActiveCfg = Debug|Any CPU
		{ABDE32F2-4732-4A6D-AC71-68F4EFFBC5C3}.Debug|Any CPU.Build.0 = Debug|Any CPU
		{ABDE32F2-4732-4A6D-AC71-68F4EFFBC5C3}.Release|Any CPU.ActiveCfg = Release|Any CPU
		{ABDE32F2-4732-4A6D-AC71-68F4EFFBC5C3}.Release|Any CPU.Build.0 = Release|Any CPU
	EndGlobalSection
	GlobalSection(SolutionProperties) = preSolution
		HideSolutionNode = FALSE
	EndGlobalSection
EndGlobal
